{
  "originHash" : "7e181c5637777fb3695a855d5045c2de4acd9d75d8e809ce1dc44a6fb426d2a7",
  "pins" : [
    {
      "identity" : "mercato",
      "kind" : "remoteSourceControl",
      "location" : "https://github.com/tikhop/Mercato",
      "state" : {
        "revision" : "ffcc020f1247d3f12e07d943d780956ec84bd6cf",
        "version" : "1.0.0"
      }
    }
  ],
  "version" : 3
}
